
Microsoft Visual Studio Solution File, Format Version 12.00
# Visual Studio Version 16
VisualStudioVersion = 16.0.30523.141
MinimumVisualStudioVersion = 10.0.40219.1
Project("{9A19103F-16F7-4668-BE54-9A1E7A4F7556}") = "Bookings", "Bookings.csproj", "{BAE27BF0-26A7-4115-8225-99BCF20D0A4B}"
EndProject
Project("{FAE04EC0-301F-11D3-BF4B-00C04F79EFBC}") = "bookingtesting", "..\bookingtesting\bookingtesting.csproj", "{41D44C69-46EF-4C0D-86EC-1414E2D533A1}"
EndProject
Global
	GlobalSection(SolutionConfigurationPlatforms) = preSolution
		Debug|Any CPU = Debug|Any CPU
		Release|Any CPU = Release|Any CPU
	EndGlobalSection
	GlobalSection(ProjectConfigurationPlatforms) = postSolution
		{BAE27BF0-26A7-4115-8225-99BCF20D0A4B}.Debug|Any CPU.ActiveCfg = Debug|Any CPU
		{BAE27BF0-26A7-4115-8225-99BCF20D0A4B}.Debug|Any CPU.Build.0 = Debug|Any CPU
		{BAE27BF0-26A7-4115-8225-99BCF20D0A4B}.Release|Any CPU.ActiveCfg = Release|Any CPU
		{BAE27BF0-26A7-4115-8225-99BCF20D0A4B}.Release|Any CPU.Build.0 = Release|Any CPU
		{41D44C69-46EF-4C0D-86EC-1414E2D533A1}.Debug|Any CPU.ActiveCfg = Debug|Any CPU
		{41D44C69-46EF-4C0D-86EC-1414E2D533A1}.Debug|Any CPU.Build.0 = Debug|Any CPU
		{41D44C69-46EF-4C0D-86EC-1414E2D533A1}.Release|Any CPU.ActiveCfg = Release|Any CPU
		{41D44C69-46EF-4C0D-86EC-1414E2D533A1}.Release|Any CPU.Build.0 = Release|Any CPU
	EndGlobalSection
	GlobalSection(SolutionProperties) = preSolution
		HideSolutionNode = FALSE
	EndGlobalSection
	GlobalSection(ExtensibilityGlobals) = postSolution
		SolutionGuid = {7AE0DE84-704F-4D86-B03E-62AD09A709D5}
	EndGlobalSection
EndGlobal
