
Microsoft Visual Studio Solution File, Format Version 12.00
# Visual Studio Version 16
VisualStudioVersion = 16.0.30523.141
MinimumVisualStudioVersion = 10.0.40219.1
Project("{9A19103F-16F7-4668-BE54-9A1E7A4F7556}") = "HotelManagementSys", "HotelManagementSys.csproj", "{FBD66695-B82B-45DF-AA5C-11C28D1F6F75}"
EndProject
Project("{FAE04EC0-301F-11D3-BF4B-00C04F79EFBC}") = "roomtest", "..\roomtest\roomtest.csproj", "{985ABA25-B379-4203-A1C3-B082645627DD}"
EndProject
Global
	GlobalSection(SolutionConfigurationPlatforms) = preSolution
		Debug|Any CPU = Debug|Any CPU
		Release|Any CPU = Release|Any CPU
	EndGlobalSection
	GlobalSection(ProjectConfigurationPlatforms) = postSolution
		{FBD66695-B82B-45DF-AA5C-11C28D1F6F75}.Debug|Any CPU.ActiveCfg = Debug|Any CPU
		{FBD66695-B82B-45DF-AA5C-11C28D1F6F75}.Debug|Any CPU.Build.0 = Debug|Any CPU
		{FBD66695-B82B-45DF-AA5C-11C28D1F6F75}.Release|Any CPU.ActiveCfg = Release|Any CPU
		{FBD66695-B82B-45DF-AA5C-11C28D1F6F75}.Release|Any CPU.Build.0 = Release|Any CPU
		{985ABA25-B379-4203-A1C3-B082645627DD}.Debug|Any CPU.ActiveCfg = Debug|Any CPU
		{985ABA25-B379-4203-A1C3-B082645627DD}.Debug|Any CPU.Build.0 = Debug|Any CPU
		{985ABA25-B379-4203-A1C3-B082645627DD}.Release|Any CPU.ActiveCfg = Release|Any CPU
		{985ABA25-B379-4203-A1C3-B082645627DD}.Release|Any CPU.Build.0 = Release|Any CPU
	EndGlobalSection
	GlobalSection(SolutionProperties) = preSolution
		HideSolutionNode = FALSE
	EndGlobalSection
	GlobalSection(ExtensibilityGlobals) = postSolution
		SolutionGuid = {04A0F9AF-1E97-4C40-BB62-8FAA16FA947D}
	EndGlobalSection
EndGlobal
